
Microsoft Visual Studio Solution File, Format Version 12.00
# Visual Studio 2013
VisualStudioVersion = 12.0.40629.0
MinimumVisualStudioVersion = 10.0.40219.1
Project("{FAE04EC0-301F-11D3-BF4B-00C04F79EFBC}") = "PcapVisualizer.UI", "PcapVisualizer.UI\PcapVisualizer.UI.csproj", "{FE701DD9-80DE-41E7-BE65-9ADA4F62F8EA}"
EndProject
Project("{FAE04EC0-301F-11D3-BF4B-00C04F79EFBC}") = "PcapVisualizer.Model", "PcapVisualizer.Model\PcapVisualizer.Model.csproj", "{EF94475F-3915-4859-BF90-4D6EEF577E02}"
EndProject
Project("{FAE04EC0-301F-11D3-BF4B-00C04F79EFBC}") = "PcapVisualizer.Presentation", "PcapVisualizer.Presentation\PcapVisualizer.Presentation.csproj", "{A3AC27BA-0E09-4D41-84A5-D342CEA154E1}"
EndProject
Project("{FAE04EC0-301F-11D3-BF4B-00C04F79EFBC}") = "PcapVisualizer.Tests", "PcapVisualizer.Tests\PcapVisualizer.Tests.csproj", "{EF7198AC-A560-43EB-8224-399D7A8C5E30}"
EndProject
Global
	GlobalSection(SolutionConfigurationPlatforms) = preSolution
		Debug|x64 = Debug|x64
		Release|x64 = Release|x64
	EndGlobalSection
	GlobalSection(ProjectConfigurationPlatforms) = postSolution
		{FE701DD9-80DE-41E7-BE65-9ADA4F62F8EA}.Debug|x64.ActiveCfg = Debug|x64
		{FE701DD9-80DE-41E7-BE65-9ADA4F62F8EA}.Debug|x64.Build.0 = Debug|x64
		{FE701DD9-80DE-41E7-BE65-9ADA4F62F8EA}.Release|x64.ActiveCfg = Release|x64
		{FE701DD9-80DE-41E7-BE65-9ADA4F62F8EA}.Release|x64.Build.0 = Release|x64
		{EF94475F-3915-4859-BF90-4D6EEF577E02}.Debug|x64.ActiveCfg = Debug|x64
		{EF94475F-3915-4859-BF90-4D6EEF577E02}.Debug|x64.Build.0 = Debug|x64
		{EF94475F-3915-4859-BF90-4D6EEF577E02}.Release|x64.ActiveCfg = Release|x64
		{EF94475F-3915-4859-BF90-4D6EEF577E02}.Release|x64.Build.0 = Release|x64
		{A3AC27BA-0E09-4D41-84A5-D342CEA154E1}.Debug|x64.ActiveCfg = Debug|x64
		{A3AC27BA-0E09-4D41-84A5-D342CEA154E1}.Debug|x64.Build.0 = Debug|x64
		{A3AC27BA-0E09-4D41-84A5-D342CEA154E1}.Release|x64.ActiveCfg = Release|x64
		{A3AC27BA-0E09-4D41-84A5-D342CEA154E1}.Release|x64.Build.0 = Release|x64
		{EF7198AC-A560-43EB-8224-399D7A8C5E30}.Debug|x64.ActiveCfg = Debug|x64
		{EF7198AC-A560-43EB-8224-399D7A8C5E30}.Debug|x64.Build.0 = Debug|x64
		{EF7198AC-A560-43EB-8224-399D7A8C5E30}.Release|x64.ActiveCfg = Release|x64
		{EF7198AC-A560-43EB-8224-399D7A8C5E30}.Release|x64.Build.0 = Release|x64
	EndGlobalSection
	GlobalSection(SolutionProperties) = preSolution
		HideSolutionNode = FALSE
	EndGlobalSection
EndGlobal
